
Microsoft Visual Studio Solution File, Format Version 12.00
# Visual Studio Version 17
VisualStudioVersion = 17.10.35013.160
MinimumVisualStudioVersion = 10.0.40219.1
Project("{FAE04EC0-301F-11D3-BF4B-00C04F79EFBC}") = "Controller", "Controller\Controller.csproj", "{BD1B0193-DD2E-48D9-93F1-CA392C2A99E2}"
EndProject
Global
	GlobalSection(SolutionConfigurationPlatforms) = preSolution
		Debug|Any CPU = Debug|Any CPU
		Release|Any CPU = Release|Any CPU
	EndGlobalSection
	GlobalSection(ProjectConfigurationPlatforms) = postSolution
		{BD1B0193-DD2E-48D9-93F1-CA392C2A99E2}.Debug|Any CPU.ActiveCfg = Debug|Any CPU
		{BD1B0193-DD2E-48D9-93F1-CA392C2A99E2}.Debug|Any CPU.Build.0 = Debug|Any CPU
		{BD1B0193-DD2E-48D9-93F1-CA392C2A99E2}.Release|Any CPU.ActiveCfg = Release|Any CPU
		{BD1B0193-DD2E-48D9-93F1-CA392C2A99E2}.Release|Any CPU.Build.0 = Release|Any CPU
	EndGlobalSection
	GlobalSection(SolutionProperties) = preSolution
		HideSolutionNode = FALSE
	EndGlobalSection
	GlobalSection(ExtensibilityGlobals) = postSolution
		SolutionGuid = {59EB5B11-3FF4-4CFD-AECE-94E47B56A6AB}
	EndGlobalSection
EndGlobal
